
Microsoft Visual Studio Solution File, Format Version 12.00
# Visual Studio Version 16
VisualStudioVersion = 16.0.32413.511
MinimumVisualStudioVersion = 10.0.40219.1
Project("{9A19103F-16F7-4668-BE54-9A1E7A4F7556}") = "RollTheDie", "RollTheDie.csproj", "{7ECFE24A-16C9-465A-B01C-B5DEA2057677}"
EndProject
Global
	GlobalSection(SolutionConfigurationPlatforms) = preSolution
		Debug|Any CPU = Debug|Any CPU
		Release|Any CPU = Release|Any CPU
	EndGlobalSection
	GlobalSection(ProjectConfigurationPlatforms) = postSolution
		{7ECFE24A-16C9-465A-B01C-B5DEA2057677}.Debug|Any CPU.ActiveCfg = Debug|Any CPU
		{7ECFE24A-16C9-465A-B01C-B5DEA2057677}.Debug|Any CPU.Build.0 = Debug|Any CPU
		{7ECFE24A-16C9-465A-B01C-B5DEA2057677}.Release|Any CPU.ActiveCfg = Release|Any CPU
		{7ECFE24A-16C9-465A-B01C-B5DEA2057677}.Release|Any CPU.Build.0 = Release|Any CPU
	EndGlobalSection
	GlobalSection(SolutionProperties) = preSolution
		HideSolutionNode = FALSE
	EndGlobalSection
	GlobalSection(ExtensibilityGlobals) = postSolution
		SolutionGuid = {75891A15-F8B1-4F1B-B79D-A3F56E6790D9}
	EndGlobalSection
EndGlobal
