
Microsoft Visual Studio Solution File, Format Version 12.00
# Visual Studio Version 16
VisualStudioVersion = 16.0.32413.511
MinimumVisualStudioVersion = 10.0.40219.1
Project("{9A19103F-16F7-4668-BE54-9A1E7A4F7556}") = "CarsAssemble", "CarsAssemble.csproj", "{F7FA5946-79A9-4119-ABFA-85945E4DC45E}"
EndProject
Global
	GlobalSection(SolutionConfigurationPlatforms) = preSolution
		Debug|Any CPU = Debug|Any CPU
		Release|Any CPU = Release|Any CPU
	EndGlobalSection
	GlobalSection(ProjectConfigurationPlatforms) = postSolution
		{F7FA5946-79A9-4119-ABFA-85945E4DC45E}.Debug|Any CPU.ActiveCfg = Debug|Any CPU
		{F7FA5946-79A9-4119-ABFA-85945E4DC45E}.Debug|Any CPU.Build.0 = Debug|Any CPU
		{F7FA5946-79A9-4119-ABFA-85945E4DC45E}.Release|Any CPU.ActiveCfg = Release|Any CPU
		{F7FA5946-79A9-4119-ABFA-85945E4DC45E}.Release|Any CPU.Build.0 = Release|Any CPU
	EndGlobalSection
	GlobalSection(SolutionProperties) = preSolution
		HideSolutionNode = FALSE
	EndGlobalSection
	GlobalSection(ExtensibilityGlobals) = postSolution
		SolutionGuid = {8D7312D0-BC28-478A-B9F1-D7A20AD34FF2}
	EndGlobalSection
EndGlobal
